
Microsoft Visual Studio Solution File, Format Version 12.00
# Visual Studio 15
Project("{FAE04EC0-301F-11D3-BF4B-00C04F79EFBC}") = "Assembly-CSharp", "Assembly-CSharp.csproj", "{65CCE3E8-BC7F-61E7-7EC1-5BF8FB9A0DB6}"
EndProject
Global
	GlobalSection(SolutionConfigurationPlatforms) = preSolution
		Debug|Any CPU = Debug|Any CPU
		Release|Any CPU = Release|Any CPU
	EndGlobalSection
	GlobalSection(ProjectConfigurationPlatforms) = postSolution
		{65CCE3E8-BC7F-61E7-7EC1-5BF8FB9A0DB6}.Debug|Any CPU.ActiveCfg = Debug|Any CPU
		{65CCE3E8-BC7F-61E7-7EC1-5BF8FB9A0DB6}.Debug|Any CPU.Build.0 = Debug|Any CPU
		{65CCE3E8-BC7F-61E7-7EC1-5BF8FB9A0DB6}.Release|Any CPU.ActiveCfg = Release|Any CPU
		{65CCE3E8-BC7F-61E7-7EC1-5BF8FB9A0DB6}.Release|Any CPU.Build.0 = Release|Any CPU
	EndGlobalSection
	GlobalSection(SolutionProperties) = preSolution
		HideSolutionNode = FALSE
	EndGlobalSection
EndGlobal
